version: 6
environments:
  default:
    channels:
    - url: https://conda.anaconda.org/conda-forge/
    packages:
      linux-64:
      - conda: https://conda.anaconda.org/conda-forge/linux-64/_libgcc_mutex-0.1-conda_forge.tar.bz2
      - conda: https://conda.anaconda.org/conda-forge/linux-64/_openmp_mutex-4.5-2_gnu.tar.bz2
      - conda: https://conda.anaconda.org/conda-forge/linux-64/bzip2-1.0.8-h4bc722e_7.conda
      - conda: https://conda.anaconda.org/conda-forge/noarch/ca-certificates-2025.6.15-hbd8a1cb_0.conda
      - conda: https://conda.anaconda.org/conda-forge/linux-64/ld_impl_linux-64-2.43-h1423503_5.conda
      - conda: https://conda.anaconda.org/conda-forge/linux-64/libexpat-2.7.0-h5888daf_0.conda
      - conda: https://conda.anaconda.org/conda-forge/linux-64/libffi-3.4.6-h2dba641_1.conda
      - conda: https://conda.anaconda.org/conda-forge/linux-64/libgcc-15.1.0-h767d61c_2.conda
      - conda: https://conda.anaconda.org/conda-forge/linux-64/libgcc-ng-15.1.0-h69a702a_2.conda
      - conda: https://conda.anaconda.org/conda-forge/linux-64/libgomp-15.1.0-h767d61c_2.conda
      - conda: https://conda.anaconda.org/conda-forge/linux-64/liblzma-5.8.1-hb9d3cd8_2.conda
      - conda: https://conda.anaconda.org/conda-forge/linux-64/libmpdec-4.0.0-hb9d3cd8_0.conda
      - conda: https://conda.anaconda.org/conda-forge/linux-64/libsqlite-3.50.1-hee588c1_0.conda
      - conda: https://conda.anaconda.org/conda-forge/linux-64/libuuid-2.38.1-h0b41bf4_0.conda
      - conda: https://conda.anaconda.org/conda-forge/linux-64/libzlib-1.3.1-hb9d3cd8_2.conda
      - conda: https://conda.anaconda.org/conda-forge/linux-64/ncurses-6.5-h2d0b736_3.conda
      - conda: https://conda.anaconda.org/conda-forge/linux-64/openssl-3.5.0-h7b32b05_1.conda
      - conda: https://conda.anaconda.org/conda-forge/linux-64/python-3.13.5-hec9711d_102_cp313.conda
      - conda: https://conda.anaconda.org/conda-forge/noarch/python_abi-3.13-7_cp313.conda
      - conda: https://conda.anaconda.org/conda-forge/linux-64/readline-8.2-h8c095d6_2.conda
      - conda: https://conda.anaconda.org/conda-forge/linux-64/tk-8.6.13-noxft_hd72426e_102.conda
      - conda: https://conda.anaconda.org/conda-forge/noarch/tzdata-2025b-h78e105d_0.conda
  dev:
    channels:
    - url: https://conda.anaconda.org/conda-forge/
    indexes:
    - https://pypi.org/simple
    packages:
      linux-64:
      - conda: https://conda.anaconda.org/conda-forge/linux-64/_libgcc_mutex-0.1-conda_forge.tar.bz2
      - conda: https://conda.anaconda.org/conda-forge/linux-64/_openmp_mutex-4.5-2_gnu.tar.bz2
      - conda: https://conda.anaconda.org/conda-forge/linux-64/bzip2-1.0.8-h4bc722e_7.conda
      - conda: https://conda.anaconda.org/conda-forge/noarch/ca-certificates-2025.6.15-hbd8a1cb_0.conda
      - conda: https://conda.anaconda.org/conda-forge/linux-64/ld_impl_linux-64-2.43-h1423503_5.conda
      - conda: https://conda.anaconda.org/conda-forge/linux-64/libexpat-2.7.0-h5888daf_0.conda
      - conda: https://conda.anaconda.org/conda-forge/linux-64/libffi-3.4.6-h2dba641_1.conda
      - conda: https://conda.anaconda.org/conda-forge/linux-64/libgcc-15.1.0-h767d61c_2.conda
      - conda: https://conda.anaconda.org/conda-forge/linux-64/libgcc-ng-15.1.0-h69a702a_2.conda
      - conda: https://conda.anaconda.org/conda-forge/linux-64/libgomp-15.1.0-h767d61c_2.conda
      - conda: https://conda.anaconda.org/conda-forge/linux-64/liblzma-5.8.1-hb9d3cd8_2.conda
      - conda: https://conda.anaconda.org/conda-forge/linux-64/libmpdec-4.0.0-hb9d3cd8_0.conda
      - conda: https://conda.anaconda.org/conda-forge/linux-64/libsqlite-3.50.1-hee588c1_0.conda
      - conda: https://conda.anaconda.org/conda-forge/linux-64/libuuid-2.38.1-h0b41bf4_0.conda
      - conda: https://conda.anaconda.org/conda-forge/linux-64/libzlib-1.3.1-hb9d3cd8_2.conda
      - conda: https://conda.anaconda.org/conda-forge/linux-64/ncurses-6.5-h2d0b736_3.conda
      - conda: https://conda.anaconda.org/conda-forge/linux-64/openssl-3.5.0-h7b32b05_1.conda
      - conda: https://conda.anaconda.org/conda-forge/linux-64/python-3.13.5-hec9711d_102_cp313.conda
      - conda: https://conda.anaconda.org/conda-forge/noarch/python_abi-3.13-7_cp313.conda
      - conda: https://conda.anaconda.org/conda-forge/linux-64/readline-8.2-h8c095d6_2.conda
      - conda: https://conda.anaconda.org/conda-forge/linux-64/tk-8.6.13-noxft_hd72426e_102.conda
      - conda: https://conda.anaconda.org/conda-forge/noarch/tzdata-2025b-h78e105d_0.conda
      - pypi: https://files.pythonhosted.org/packages/25/8a/c46dcc25341b5bce5472c718902eb3d38600a903b14fa6aeecef3f21a46f/asttokens-3.0.0-py3-none-any.whl
      - pypi: https://files.pythonhosted.org/packages/e6/75/49e5bfe642f71f272236b5b2d2691cf915a7283cc0ceda56357b61daa538/comm-0.2.2-py3-none-any.whl
      - pypi: https://files.pythonhosted.org/packages/ba/f1/6f2ee3f991327ad9e4c2f8b82611a467052a0fb0e247390192580e89f7ff/debugpy-1.8.14-cp313-cp313-manylinux_2_5_x86_64.manylinux1_x86_64.manylinux_2_17_x86_64.manylinux2014_x86_64.whl
      - pypi: https://files.pythonhosted.org/packages/4e/8c/f3147f5c4b73e7550fe5f9352eaa956ae838d5c51eb58e7a25b9f3e2643b/decorator-5.2.1-py3-none-any.whl
      - pypi: https://files.pythonhosted.org/packages/7b/8f/c4d9bafc34ad7ad5d8dc16dd1347ee0e507a52c3adb6bfa8887e1c6a26ba/executing-2.2.0-py2.py3-none-any.whl
      - pypi: https://files.pythonhosted.org/packages/94/5c/368ae6c01c7628438358e6d337c19b05425727fbb221d2a3c4303c372f42/ipykernel-6.29.5-py3-none-any.whl
      - pypi: https://files.pythonhosted.org/packages/3c/99/9ed3d52d00f1846679e3aa12e2326ac7044b5e7f90dc822b60115fa533ca/ipython-9.3.0-py3-none-any.whl
      - pypi: https://files.pythonhosted.org/packages/d9/33/1f075bf72b0b747cb3288d011319aaf64083cf2efef8354174e3ed4540e2/ipython_pygments_lexers-1.1.1-py3-none-any.whl
      - pypi: https://files.pythonhosted.org/packages/c0/5a/9cac0c82afec3d09ccd97c8b6502d48f165f9124db81b4bcb90b4af974ee/jedi-0.19.2-py2.py3-none-any.whl
      - pypi: https://files.pythonhosted.org/packages/11/85/b0394e0b6fcccd2c1eeefc230978a6f8cb0c5df1e4cd3e7625735a0d7d1e/jupyter_client-8.6.3-py3-none-any.whl
      - pypi: https://files.pythonhosted.org/packages/2f/57/6bffd4b20b88da3800c5d691e0337761576ee688eb01299eae865689d2df/jupyter_core-5.8.1-py3-none-any.whl
      - pypi: https://files.pythonhosted.org/packages/8f/8e/9ad090d3553c280a8060fbf6e24dc1c0c29704ee7d1c372f0c174aa59285/matplotlib_inline-0.1.7-py3-none-any.whl
      - pypi: https://files.pythonhosted.org/packages/a0/c4/c2971a3ba4c6103a3d10c4b0f24f461ddc027f0f09763220cf35ca1401b3/nest_asyncio-1.6.0-py3-none-any.whl
      - pypi: https://files.pythonhosted.org/packages/20/12/38679034af332785aac8774540895e234f4d07f7545804097de4b666afd8/packaging-25.0-py3-none-any.whl
      - pypi: https://files.pythonhosted.org/packages/c6/ac/dac4a63f978e4dcb3c6d3a78c4d8e0192a113d288502a1216950c41b1027/parso-0.8.4-py2.py3-none-any.whl
      - pypi: https://files.pythonhosted.org/packages/9e/c3/059298687310d527a58bb01f3b1965787ee3b40dce76752eda8b44e9a2c5/pexpect-4.9.0-py2.py3-none-any.whl
      - pypi: https://files.pythonhosted.org/packages/fe/39/979e8e21520d4e47a0bbe349e2713c0aac6f3d853d0e5b34d76206c439aa/platformdirs-4.3.8-py3-none-any.whl
      - pypi: https://files.pythonhosted.org/packages/ce/4f/5249960887b1fbe561d9ff265496d170b55a735b76724f10ef19f9e40716/prompt_toolkit-3.0.51-py3-none-any.whl
      - pypi: https://files.pythonhosted.org/packages/bf/b9/b0eb3f3cbcb734d930fdf839431606844a825b23eaf9a6ab371edac8162c/psutil-7.0.0-cp36-abi3-manylinux_2_12_x86_64.manylinux2010_x86_64.manylinux_2_17_x86_64.manylinux2014_x86_64.whl
      - pypi: https://files.pythonhosted.org/packages/22/a6/858897256d0deac81a172289110f31629fc4cee19b6f01283303e18c8db3/ptyprocess-0.7.0-py2.py3-none-any.whl
      - pypi: https://files.pythonhosted.org/packages/8e/37/efad0257dc6e593a18957422533ff0f87ede7c9c6ea010a2177d738fb82f/pure_eval-0.2.3-py3-none-any.whl
      - pypi: https://files.pythonhosted.org/packages/8a/0b/9fcc47d19c48b59121088dd6da2488a49d5f72dacf8262e2790a1d2c7d15/pygments-2.19.1-py3-none-any.whl
      - pypi: https://files.pythonhosted.org/packages/ec/57/56b9bcc3c9c6a792fcbaf139543cee77261f3651ca9da0c93f5c1221264b/python_dateutil-2.9.0.post0-py2.py3-none-any.whl
      - pypi: https://files.pythonhosted.org/packages/69/9a/9ea7e230feda9400fb0ae0d61d7d6ddda635e718d941c44eeab22a179d34/pyzmq-27.0.0-cp312-abi3-manylinux_2_27_x86_64.manylinux_2_28_x86_64.whl
      - pypi: https://files.pythonhosted.org/packages/b7/ce/149a00dd41f10bc29e5921b496af8b574d8413afcd5e30dfa0ed46c2cc5e/six-1.17.0-py2.py3-none-any.whl
      - pypi: https://files.pythonhosted.org/packages/f1/7b/ce1eafaf1a76852e2ec9b22edecf1daa58175c090266e9f6c64afcd81d91/stack_data-0.6.3-py3-none-any.whl
      - pypi: https://files.pythonhosted.org/packages/7d/f7/0c48ba992d875521ac761e6e04b0a1750f8150ae42ea26df1852d6a98942/tornado-6.5.1-cp39-abi3-manylinux_2_5_x86_64.manylinux1_x86_64.manylinux_2_17_x86_64.manylinux2014_x86_64.whl
      - pypi: https://files.pythonhosted.org/packages/00/c0/8f5d070730d7836adc9c9b6408dec68c6ced86b304a9b26a14df072a6e8c/traitlets-5.14.3-py3-none-any.whl
      - pypi: https://files.pythonhosted.org/packages/fd/84/fd2ba7aafacbad3c4201d395674fc6348826569da3c0937e75505ead3528/wcwidth-0.2.13-py2.py3-none-any.whl
packages:
- conda: https://conda.anaconda.org/conda-forge/linux-64/_libgcc_mutex-0.1-conda_forge.tar.bz2
  sha256: fe51de6107f9edc7aa4f786a70f4a883943bc9d39b3bb7307c04c41410990726
  md5: d7c89558ba9fa0495403155b64376d81
  license: None
  purls: []
  size: 2562
  timestamp: 1578324546067
- conda: https://conda.anaconda.org/conda-forge/linux-64/_openmp_mutex-4.5-2_gnu.tar.bz2
  build_number: 16
  sha256: fbe2c5e56a653bebb982eda4876a9178aedfc2b545f25d0ce9c4c0b508253d22
  md5: 73aaf86a425cc6e73fcf236a5a46396d
  depends:
  - _libgcc_mutex 0.1 conda_forge
  - libgomp >=7.5.0
  constrains:
  - openmp_impl 9999
  license: BSD-3-Clause
  license_family: BSD
  purls: []
  size: 23621
  timestamp: 1650670423406
- pypi: https://files.pythonhosted.org/packages/25/8a/c46dcc25341b5bce5472c718902eb3d38600a903b14fa6aeecef3f21a46f/asttokens-3.0.0-py3-none-any.whl
  name: asttokens
  version: 3.0.0
  sha256: e3078351a059199dd5138cb1c706e6430c05eff2ff136af5eb4790f9d28932e2
  requires_dist:
  - astroid>=2,<4 ; extra == 'astroid'
  - astroid>=2,<4 ; extra == 'test'
  - pytest ; extra == 'test'
  - pytest-cov ; extra == 'test'
  - pytest-xdist ; extra == 'test'
  requires_python: '>=3.8'
- conda: https://conda.anaconda.org/conda-forge/linux-64/bzip2-1.0.8-h4bc722e_7.conda
  sha256: 5ced96500d945fb286c9c838e54fa759aa04a7129c59800f0846b4335cee770d
  md5: 62ee74e96c5ebb0af99386de58cf9553
  depends:
  - __glibc >=2.17,<3.0.a0
  - libgcc-ng >=12
  license: bzip2-1.0.6
  license_family: BSD
  purls: []
  size: 252783
  timestamp: 1720974456583
- conda: https://conda.anaconda.org/conda-forge/noarch/ca-certificates-2025.6.15-hbd8a1cb_0.conda
  sha256: 7cfec9804c84844ea544d98bda1d9121672b66ff7149141b8415ca42dfcd44f6
  md5: 72525f07d72806e3b639ad4504c30ce5
  depends:
  - __unix
  license: ISC
  purls: []
  size: 151069
  timestamp: 1749990087500
- pypi: https://files.pythonhosted.org/packages/e6/75/49e5bfe642f71f272236b5b2d2691cf915a7283cc0ceda56357b61daa538/comm-0.2.2-py3-none-any.whl
  name: comm
  version: 0.2.2
  sha256: e6fb86cb70ff661ee8c9c14e7d36d6de3b4066f1441be4063df9c5009f0a64d3
  requires_dist:
  - traitlets>=4
  - pytest ; extra == 'test'
  requires_python: '>=3.8'
- pypi: https://files.pythonhosted.org/packages/ba/f1/6f2ee3f991327ad9e4c2f8b82611a467052a0fb0e247390192580e89f7ff/debugpy-1.8.14-cp313-cp313-manylinux_2_5_x86_64.manylinux1_x86_64.manylinux_2_17_x86_64.manylinux2014_x86_64.whl
  name: debugpy
  version: 1.8.14
  sha256: 0f920c7f9af409d90f5fd26e313e119d908b0dd2952c2393cd3247a462331f15
  requires_python: '>=3.8'
- pypi: https://files.pythonhosted.org/packages/4e/8c/f3147f5c4b73e7550fe5f9352eaa956ae838d5c51eb58e7a25b9f3e2643b/decorator-5.2.1-py3-none-any.whl
  name: decorator
  version: 5.2.1
  sha256: d316bb415a2d9e2d2b3abcc4084c6502fc09240e292cd76a76afc106a1c8e04a
  requires_python: '>=3.8'
- pypi: https://files.pythonhosted.org/packages/7b/8f/c4d9bafc34ad7ad5d8dc16dd1347ee0e507a52c3adb6bfa8887e1c6a26ba/executing-2.2.0-py2.py3-none-any.whl
  name: executing
  version: 2.2.0
  sha256: 11387150cad388d62750327a53d3339fad4888b39a6fe233c3afbb54ecffd3aa
  requires_dist:
  - asttokens>=2.1.0 ; extra == 'tests'
  - ipython ; extra == 'tests'
  - pytest ; extra == 'tests'
  - coverage ; extra == 'tests'
  - coverage-enable-subprocess ; extra == 'tests'
  - littleutils ; extra == 'tests'
  - rich ; python_full_version >= '3.11' and extra == 'tests'
  requires_python: '>=3.8'
- pypi: https://files.pythonhosted.org/packages/94/5c/368ae6c01c7628438358e6d337c19b05425727fbb221d2a3c4303c372f42/ipykernel-6.29.5-py3-none-any.whl
  name: ipykernel
  version: 6.29.5
  sha256: afdb66ba5aa354b09b91379bac28ae4afebbb30e8b39510c9690afb7a10421b5
  requires_dist:
  - appnope ; sys_platform == 'darwin'
  - comm>=0.1.1
  - debugpy>=1.6.5
  - ipython>=7.23.1
  - jupyter-client>=6.1.12
  - jupyter-core>=4.12,!=5.0.*
  - matplotlib-inline>=0.1
  - nest-asyncio
  - packaging
  - psutil
  - pyzmq>=24
  - tornado>=6.1
  - traitlets>=5.4.0
  - coverage[toml] ; extra == 'cov'
  - curio ; extra == 'cov'
  - matplotlib ; extra == 'cov'
  - pytest-cov ; extra == 'cov'
  - trio ; extra == 'cov'
  - myst-parser ; extra == 'docs'
  - pydata-sphinx-theme ; extra == 'docs'
  - sphinx ; extra == 'docs'
  - sphinx-autodoc-typehints ; extra == 'docs'
  - sphinxcontrib-github-alt ; extra == 'docs'
  - sphinxcontrib-spelling ; extra == 'docs'
  - trio ; extra == 'docs'
  - pyqt5 ; extra == 'pyqt5'
  - pyside6 ; extra == 'pyside6'
  - flaky ; extra == 'test'
  - ipyparallel ; extra == 'test'
  - pre-commit ; extra == 'test'
  - pytest-asyncio>=0.23.5 ; extra == 'test'
  - pytest-cov ; extra == 'test'
  - pytest-timeout ; extra == 'test'
  - pytest>=7.0 ; extra == 'test'
  requires_python: '>=3.8'
- pypi: https://files.pythonhosted.org/packages/3c/99/9ed3d52d00f1846679e3aa12e2326ac7044b5e7f90dc822b60115fa533ca/ipython-9.3.0-py3-none-any.whl
  name: ipython
  version: 9.3.0
  sha256: 1a0b6dd9221a1f5dddf725b57ac0cb6fddc7b5f470576231ae9162b9b3455a04
  requires_dist:
  - colorama ; sys_platform == 'win32'
  - decorator
  - ipython-pygments-lexers
  - jedi>=0.16
  - matplotlib-inline
  - pexpect>4.3 ; sys_platform != 'emscripten' and sys_platform != 'win32'
  - prompt-toolkit>=3.0.41,<3.1.0
  - pygments>=2.4.0
  - stack-data
  - traitlets>=5.13.0
  - typing-extensions>=4.6 ; python_full_version < '3.12'
  - black ; extra == 'black'
  - docrepr ; extra == 'doc'
  - exceptiongroup ; extra == 'doc'
  - intersphinx-registry ; extra == 'doc'
  - ipykernel ; extra == 'doc'
  - ipython[test] ; extra == 'doc'
  - matplotlib ; extra == 'doc'
  - setuptools>=18.5 ; extra == 'doc'
  - sphinx-toml==0.0.4 ; extra == 'doc'
  - sphinx-rtd-theme ; extra == 'doc'
  - sphinx>=1.3 ; extra == 'doc'
  - typing-extensions ; extra == 'doc'
  - pytest ; extra == 'test'
  - pytest-asyncio<0.22 ; extra == 'test'
  - testpath ; extra == 'test'
  - packaging ; extra == 'test'
  - ipython[test] ; extra == 'test-extra'
  - curio ; extra == 'test-extra'
  - jupyter-ai ; extra == 'test-extra'
  - matplotlib!=3.2.0 ; extra == 'test-extra'
  - nbformat ; extra == 'test-extra'
  - nbclient ; extra == 'test-extra'
  - ipykernel ; extra == 'test-extra'
  - numpy>=1.23 ; extra == 'test-extra'
  - pandas ; extra == 'test-extra'
  - trio ; extra == 'test-extra'
  - matplotlib ; extra == 'matplotlib'
  - ipython[doc,matplotlib,test,test-extra] ; extra == 'all'
  requires_python: '>=3.11'
- pypi: https://files.pythonhosted.org/packages/d9/33/1f075bf72b0b747cb3288d011319aaf64083cf2efef8354174e3ed4540e2/ipython_pygments_lexers-1.1.1-py3-none-any.whl
  name: ipython-pygments-lexers
  version: 1.1.1
  sha256: a9462224a505ade19a605f71f8fa63c2048833ce50abc86768a0d81d876dc81c
  requires_dist:
  - pygments
  requires_python: '>=3.8'
- pypi: https://files.pythonhosted.org/packages/c0/5a/9cac0c82afec3d09ccd97c8b6502d48f165f9124db81b4bcb90b4af974ee/jedi-0.19.2-py2.py3-none-any.whl
  name: jedi
  version: 0.19.2
  sha256: a8ef22bde8490f57fe5c7681a3c83cb58874daf72b4784de3cce5b6ef6edb5b9
  requires_dist:
  - parso>=0.8.4,<0.9.0
  - jinja2==2.11.3 ; extra == 'docs'
  - markupsafe==1.1.1 ; extra == 'docs'
  - pygments==2.8.1 ; extra == 'docs'
  - alabaster==0.7.12 ; extra == 'docs'
  - babel==2.9.1 ; extra == 'docs'
  - chardet==4.0.0 ; extra == 'docs'
  - commonmark==0.8.1 ; extra == 'docs'
  - docutils==0.17.1 ; extra == 'docs'
  - future==0.18.2 ; extra == 'docs'
  - idna==2.10 ; extra == 'docs'
  - imagesize==1.2.0 ; extra == 'docs'
  - mock==1.0.1 ; extra == 'docs'
  - packaging==20.9 ; extra == 'docs'
  - pyparsing==2.4.7 ; extra == 'docs'
  - pytz==2021.1 ; extra == 'docs'
  - readthedocs-sphinx-ext==2.1.4 ; extra == 'docs'
  - recommonmark==0.5.0 ; extra == 'docs'
  - requests==2.25.1 ; extra == 'docs'
  - six==1.15.0 ; extra == 'docs'
  - snowballstemmer==2.1.0 ; extra == 'docs'
  - sphinx-rtd-theme==0.4.3 ; extra == 'docs'
  - sphinx==1.8.5 ; extra == 'docs'
  - sphinxcontrib-serializinghtml==1.1.4 ; extra == 'docs'
  - sphinxcontrib-websupport==1.2.4 ; extra == 'docs'
  - urllib3==1.26.4 ; extra == 'docs'
  - flake8==5.0.4 ; extra == 'qa'
  - mypy==0.971 ; extra == 'qa'
  - types-setuptools==67.2.0.1 ; extra == 'qa'
  - django ; extra == 'testing'
  - attrs ; extra == 'testing'
  - colorama ; extra == 'testing'
  - docopt ; extra == 'testing'
  - pytest<9.0.0 ; extra == 'testing'
  requires_python: '>=3.6'
- pypi: https://files.pythonhosted.org/packages/11/85/b0394e0b6fcccd2c1eeefc230978a6f8cb0c5df1e4cd3e7625735a0d7d1e/jupyter_client-8.6.3-py3-none-any.whl
  name: jupyter-client
  version: 8.6.3
  sha256: e8a19cc986cc45905ac3362915f410f3af85424b4c0905e94fa5f2cb08e8f23f
  requires_dist:
  - importlib-metadata>=4.8.3 ; python_full_version < '3.10'
  - jupyter-core>=4.12,!=5.0.*
  - python-dateutil>=2.8.2
  - pyzmq>=23.0
  - tornado>=6.2
  - traitlets>=5.3
  - ipykernel ; extra == 'docs'
  - myst-parser ; extra == 'docs'
  - pydata-sphinx-theme ; extra == 'docs'
  - sphinx-autodoc-typehints ; extra == 'docs'
  - sphinx>=4 ; extra == 'docs'
  - sphinxcontrib-github-alt ; extra == 'docs'
  - sphinxcontrib-spelling ; extra == 'docs'
  - coverage ; extra == 'test'
  - ipykernel>=6.14 ; extra == 'test'
  - mypy ; extra == 'test'
  - paramiko ; sys_platform == 'win32' and extra == 'test'
  - pre-commit ; extra == 'test'
  - pytest-cov ; extra == 'test'
  - pytest-jupyter[client]>=0.4.1 ; extra == 'test'
  - pytest-timeout ; extra == 'test'
  - pytest<8.2.0 ; extra == 'test'
  requires_python: '>=3.8'
- pypi: https://files.pythonhosted.org/packages/2f/57/6bffd4b20b88da3800c5d691e0337761576ee688eb01299eae865689d2df/jupyter_core-5.8.1-py3-none-any.whl
  name: jupyter-core
  version: 5.8.1
  sha256: c28d268fc90fb53f1338ded2eb410704c5449a358406e8a948b75706e24863d0
  requires_dist:
  - platformdirs>=2.5
  - pywin32>=300 ; platform_python_implementation != 'PyPy' and sys_platform == 'win32'
  - traitlets>=5.3
  - intersphinx-registry ; extra == 'docs'
  - myst-parser ; extra == 'docs'
  - pydata-sphinx-theme ; extra == 'docs'
  - sphinx-autodoc-typehints ; extra == 'docs'
  - sphinxcontrib-spelling ; extra == 'docs'
  - traitlets ; extra == 'docs'
  - ipykernel ; extra == 'test'
  - pre-commit ; extra == 'test'
  - pytest-cov ; extra == 'test'
  - pytest-timeout ; extra == 'test'
  - pytest<9 ; extra == 'test'
  requires_python: '>=3.8'
- conda: https://conda.anaconda.org/conda-forge/linux-64/ld_impl_linux-64-2.43-h1423503_5.conda
  sha256: dcd2b1a065bbf5c54004ddf6551c775a8eb6993c8298ca8a6b92041ed413f785
  md5: 6dc9e1305e7d3129af4ad0dabda30e56
  depends:
  - __glibc >=2.17,<3.0.a0
  constrains:
  - binutils_impl_linux-64 2.43
  license: GPL-3.0-only
  license_family: GPL
  purls: []
  size: 670635
  timestamp: 1749858327854
- conda: https://conda.anaconda.org/conda-forge/linux-64/libexpat-2.7.0-h5888daf_0.conda
  sha256: 33ab03438aee65d6aa667cf7d90c91e5e7d734c19a67aa4c7040742c0a13d505
  md5: db0bfbe7dd197b68ad5f30333bae6ce0
  depends:
  - __glibc >=2.17,<3.0.a0
  - libgcc >=13
  constrains:
  - expat 2.7.0.*
  license: MIT
  license_family: MIT
  purls: []
  size: 74427
  timestamp: 1743431794976
- conda: https://conda.anaconda.org/conda-forge/linux-64/libffi-3.4.6-h2dba641_1.conda
  sha256: 764432d32db45466e87f10621db5b74363a9f847d2b8b1f9743746cd160f06ab
  md5: ede4673863426c0883c0063d853bbd85
  depends:
  - __glibc >=2.17,<3.0.a0
  - libgcc >=13
  license: MIT
  license_family: MIT
  purls: []
  size: 57433
  timestamp: 1743434498161
- conda: https://conda.anaconda.org/conda-forge/linux-64/libgcc-15.1.0-h767d61c_2.conda
  sha256: 0024f9ab34c09629621aefd8603ef77bf9d708129b0dd79029e502c39ffc2195
  md5: ea8ac52380885ed41c1baa8f1d6d2b93
  depends:
  - __glibc >=2.17,<3.0.a0
  - _openmp_mutex >=4.5
  constrains:
  - libgcc-ng ==15.1.0=*_2
  - libgomp 15.1.0 h767d61c_2
  license: GPL-3.0-only WITH GCC-exception-3.1
  license_family: GPL
  purls: []
  size: 829108
  timestamp: 1746642191935
- conda: https://conda.anaconda.org/conda-forge/linux-64/libgcc-ng-15.1.0-h69a702a_2.conda
  sha256: 0ab5421a89f090f3aa33841036bb3af4ed85e1f91315b528a9d75fab9aad51ae
  md5: ddca86c7040dd0e73b2b69bd7833d225
  depends:
  - libgcc 15.1.0 h767d61c_2
  license: GPL-3.0-only WITH GCC-exception-3.1
  license_family: GPL
  purls: []
  size: 34586
  timestamp: 1746642200749
- conda: https://conda.anaconda.org/conda-forge/linux-64/libgomp-15.1.0-h767d61c_2.conda
  sha256: 05fff3dc7e80579bc28de13b511baec281c4343d703c406aefd54389959154fb
  md5: fbe7d535ff9d3a168c148e07358cd5b1
  depends:
  - __glibc >=2.17,<3.0.a0
  license: GPL-3.0-only WITH GCC-exception-3.1
  license_family: GPL
  purls: []
  size: 452635
  timestamp: 1746642113092
- conda: https://conda.anaconda.org/conda-forge/linux-64/liblzma-5.8.1-hb9d3cd8_2.conda
  sha256: f2591c0069447bbe28d4d696b7fcb0c5bd0b4ac582769b89addbcf26fb3430d8
  md5: 1a580f7796c7bf6393fddb8bbbde58dc
  depends:
  - __glibc >=2.17,<3.0.a0
  - libgcc >=13
  constrains:
  - xz 5.8.1.*
  license: 0BSD
  purls: []
  size: 112894
  timestamp: 1749230047870
- conda: https://conda.anaconda.org/conda-forge/linux-64/libmpdec-4.0.0-hb9d3cd8_0.conda
  sha256: 3aa92d4074d4063f2a162cd8ecb45dccac93e543e565c01a787e16a43501f7ee
  md5: c7e925f37e3b40d893459e625f6a53f1
  depends:
  - __glibc >=2.17,<3.0.a0
  - libgcc >=13
  license: BSD-2-Clause
  license_family: BSD
  purls: []
  size: 91183
  timestamp: 1748393666725
- conda: https://conda.anaconda.org/conda-forge/linux-64/libsqlite-3.50.1-hee588c1_0.conda
  sha256: cd15ab1b9f0d53507e7ad7a01e52f6756ab3080bf623ab0e438973b6e4dba3c0
  md5: 96a7e36bff29f1d0ddf5b771e0da373a
  depends:
  - __glibc >=2.17,<3.0.a0
  - libgcc >=13
  - libzlib >=1.3.1,<2.0a0
  license: Unlicense
  purls: []
  size: 919819
  timestamp: 1749232795476
- conda: https://conda.anaconda.org/conda-forge/linux-64/libuuid-2.38.1-h0b41bf4_0.conda
  sha256: 787eb542f055a2b3de553614b25f09eefb0a0931b0c87dbcce6efdfd92f04f18
  md5: 40b61aab5c7ba9ff276c41cfffe6b80b
  depends:
  - libgcc-ng >=12
  license: BSD-3-Clause
  license_family: BSD
  purls: []
  size: 33601
  timestamp: 1680112270483
- conda: https://conda.anaconda.org/conda-forge/linux-64/libzlib-1.3.1-hb9d3cd8_2.conda
  sha256: d4bfe88d7cb447768e31650f06257995601f89076080e76df55e3112d4e47dc4
  md5: edb0dca6bc32e4f4789199455a1dbeb8
  depends:
  - __glibc >=2.17,<3.0.a0
  - libgcc >=13
  constrains:
  - zlib 1.3.1 *_2
  license: Zlib
  license_family: Other
  purls: []
  size: 60963
  timestamp: 1727963148474
- pypi: https://files.pythonhosted.org/packages/8f/8e/9ad090d3553c280a8060fbf6e24dc1c0c29704ee7d1c372f0c174aa59285/matplotlib_inline-0.1.7-py3-none-any.whl
  name: matplotlib-inline
  version: 0.1.7
  sha256: df192d39a4ff8f21b1895d72e6a13f5fcc5099f00fa84384e0ea28c2cc0653ca
  requires_dist:
  - traitlets
  requires_python: '>=3.8'
- conda: https://conda.anaconda.org/conda-forge/linux-64/ncurses-6.5-h2d0b736_3.conda
  sha256: 3fde293232fa3fca98635e1167de6b7c7fda83caf24b9d6c91ec9eefb4f4d586
  md5: 47e340acb35de30501a76c7c799c41d7
  depends:
  - __glibc >=2.17,<3.0.a0
  - libgcc >=13
  license: X11 AND BSD-3-Clause
  purls: []
  size: 891641
  timestamp: 1738195959188
- pypi: https://files.pythonhosted.org/packages/a0/c4/c2971a3ba4c6103a3d10c4b0f24f461ddc027f0f09763220cf35ca1401b3/nest_asyncio-1.6.0-py3-none-any.whl
  name: nest-asyncio
  version: 1.6.0
  sha256: 87af6efd6b5e897c81050477ef65c62e2b2f35d51703cae01aff2905b1852e1c
  requires_python: '>=3.5'
- conda: https://conda.anaconda.org/conda-forge/linux-64/openssl-3.5.0-h7b32b05_1.conda
  sha256: b4491077c494dbf0b5eaa6d87738c22f2154e9277e5293175ec187634bd808a0
  md5: de356753cfdbffcde5bb1e86e3aa6cd0
  depends:
  - __glibc >=2.17,<3.0.a0
  - ca-certificates
  - libgcc >=13
  license: Apache-2.0
  license_family: Apache
  purls: []
  size: 3117410
  timestamp: 1746223723843
- pypi: https://files.pythonhosted.org/packages/20/12/38679034af332785aac8774540895e234f4d07f7545804097de4b666afd8/packaging-25.0-py3-none-any.whl
  name: packaging
  version: '25.0'
  sha256: 29572ef2b1f17581046b3a2227d5c611fb25ec70ca1ba8554b24b0e69331a484
  requires_python: '>=3.8'
- pypi: https://files.pythonhosted.org/packages/c6/ac/dac4a63f978e4dcb3c6d3a78c4d8e0192a113d288502a1216950c41b1027/parso-0.8.4-py2.py3-none-any.whl
  name: parso
  version: 0.8.4
  sha256: a418670a20291dacd2dddc80c377c5c3791378ee1e8d12bffc35420643d43f18
  requires_dist:
  - flake8==5.0.4 ; extra == 'qa'
  - mypy==0.971 ; extra == 'qa'
  - types-setuptools==67.2.0.1 ; extra == 'qa'
  - docopt ; extra == 'testing'
  - pytest ; extra == 'testing'
  requires_python: '>=3.6'
- pypi: https://files.pythonhosted.org/packages/9e/c3/059298687310d527a58bb01f3b1965787ee3b40dce76752eda8b44e9a2c5/pexpect-4.9.0-py2.py3-none-any.whl
  name: pexpect
  version: 4.9.0
  sha256: 7236d1e080e4936be2dc3e326cec0af72acf9212a7e1d060210e70a47e253523
  requires_dist:
  - ptyprocess>=0.5
- pypi: https://files.pythonhosted.org/packages/fe/39/979e8e21520d4e47a0bbe349e2713c0aac6f3d853d0e5b34d76206c439aa/platformdirs-4.3.8-py3-none-any.whl
  name: platformdirs
  version: 4.3.8
  sha256: ff7059bb7eb1179e2685604f4aaf157cfd9535242bd23742eadc3c13542139b4
  requires_dist:
  - furo>=2024.8.6 ; extra == 'docs'
  - proselint>=0.14 ; extra == 'docs'
  - sphinx-autodoc-typehints>=3 ; extra == 'docs'
  - sphinx>=8.1.3 ; extra == 'docs'
  - appdirs==1.4.4 ; extra == 'test'
  - covdefaults>=2.3 ; extra == 'test'
  - pytest-cov>=6 ; extra == 'test'
  - pytest-mock>=3.14 ; extra == 'test'
  - pytest>=8.3.4 ; extra == 'test'
  - mypy>=1.14.1 ; extra == 'type'
  requires_python: '>=3.9'
- pypi: https://files.pythonhosted.org/packages/ce/4f/5249960887b1fbe561d9ff265496d170b55a735b76724f10ef19f9e40716/prompt_toolkit-3.0.51-py3-none-any.whl
  name: prompt-toolkit
  version: 3.0.51
  sha256: 52742911fde84e2d423e2f9a4cf1de7d7ac4e51958f648d9540e0fb8db077b07
  requires_dist:
  - wcwidth
  requires_python: '>=3.8'
- pypi: https://files.pythonhosted.org/packages/bf/b9/b0eb3f3cbcb734d930fdf839431606844a825b23eaf9a6ab371edac8162c/psutil-7.0.0-cp36-abi3-manylinux_2_12_x86_64.manylinux2010_x86_64.manylinux_2_17_x86_64.manylinux2014_x86_64.whl
  name: psutil
  version: 7.0.0
  sha256: 4b1388a4f6875d7e2aff5c4ca1cc16c545ed41dd8bb596cefea80111db353a34
  requires_dist:
  - pytest ; extra == 'dev'
  - pytest-xdist ; extra == 'dev'
  - setuptools ; extra == 'dev'
  - abi3audit ; extra == 'dev'
  - black==24.10.0 ; extra == 'dev'
  - check-manifest ; extra == 'dev'
  - coverage ; extra == 'dev'
  - packaging ; extra == 'dev'
  - pylint ; extra == 'dev'
  - pyperf ; extra == 'dev'
  - pypinfo ; extra == 'dev'
  - pytest-cov ; extra == 'dev'
  - requests ; extra == 'dev'
  - rstcheck ; extra == 'dev'
  - ruff ; extra == 'dev'
  - sphinx ; extra == 'dev'
  - sphinx-rtd-theme ; extra == 'dev'
  - toml-sort ; extra == 'dev'
  - twine ; extra == 'dev'
  - virtualenv ; extra == 'dev'
  - vulture ; extra == 'dev'
  - wheel ; extra == 'dev'
  - pytest ; extra == 'test'
  - pytest-xdist ; extra == 'test'
  - setuptools ; extra == 'test'
  requires_python: '>=3.6'
- pypi: https://files.pythonhosted.org/packages/22/a6/858897256d0deac81a172289110f31629fc4cee19b6f01283303e18c8db3/ptyprocess-0.7.0-py2.py3-none-any.whl
  name: ptyprocess
  version: 0.7.0
  sha256: 4b41f3967fce3af57cc7e94b888626c18bf37a083e3651ca8feeb66d492fef35
- pypi: https://files.pythonhosted.org/packages/8e/37/efad0257dc6e593a18957422533ff0f87ede7c9c6ea010a2177d738fb82f/pure_eval-0.2.3-py3-none-any.whl
  name: pure-eval
  version: 0.2.3
  sha256: 1db8e35b67b3d218d818ae653e27f06c3aa420901fa7b081ca98cbedc874e0d0
  requires_dist:
  - pytest ; extra == 'tests'
- pypi: https://files.pythonhosted.org/packages/8a/0b/9fcc47d19c48b59121088dd6da2488a49d5f72dacf8262e2790a1d2c7d15/pygments-2.19.1-py3-none-any.whl
  name: pygments
  version: 2.19.1
  sha256: 9ea1544ad55cecf4b8242fab6dd35a93bbce657034b0611ee383099054ab6d8c
  requires_dist:
  - colorama>=0.4.6 ; extra == 'windows-terminal'
  requires_python: '>=3.8'
- conda: https://conda.anaconda.org/conda-forge/linux-64/python-3.13.5-hec9711d_102_cp313.conda
  build_number: 102
  sha256: c2cdcc98ea3cbf78240624e4077e164dc9d5588eefb044b4097c3df54d24d504
  md5: 89e07d92cf50743886f41638d58c4328
  depends:
  - __glibc >=2.17,<3.0.a0
  - bzip2 >=1.0.8,<2.0a0
  - ld_impl_linux-64 >=2.36.1
  - libexpat >=2.7.0,<3.0a0
  - libffi >=3.4.6,<3.5.0a0
  - libgcc >=13
  - liblzma >=5.8.1,<6.0a0
  - libmpdec >=4.0.0,<5.0a0
  - libsqlite >=3.50.1,<4.0a0
  - libuuid >=2.38.1,<3.0a0
  - libzlib >=1.3.1,<2.0a0
  - ncurses >=6.5,<7.0a0
  - openssl >=3.5.0,<4.0a0
  - python_abi 3.13.* *_cp313
  - readline >=8.2,<9.0a0
  - tk >=8.6.13,<8.7.0a0
  - tzdata
  license: Python-2.0
  purls: []
  size: 33273132
  timestamp: 1750064035176
  python_site_packages_path: lib/python3.13/site-packages
- pypi: https://files.pythonhosted.org/packages/ec/57/56b9bcc3c9c6a792fcbaf139543cee77261f3651ca9da0c93f5c1221264b/python_dateutil-2.9.0.post0-py2.py3-none-any.whl
  name: python-dateutil
  version: 2.9.0.post0
  sha256: a8b2bc7bffae282281c8140a97d3aa9c14da0b136dfe83f850eea9a5f7470427
  requires_dist:
  - six>=1.5
  requires_python: '>=2.7,!=3.0.*,!=3.1.*,!=3.2.*'
- conda: https://conda.anaconda.org/conda-forge/noarch/python_abi-3.13-7_cp313.conda
  build_number: 7
  sha256: 0595134584589064f56e67d3de1d8fcbb673a972946bce25fb593fb092fdcd97
  md5: e84b44e6300f1703cb25d29120c5b1d8
  constrains:
  - python 3.13.* *_cp313
  license: BSD-3-Clause
  license_family: BSD
  purls: []
  size: 6988
  timestamp: 1745258852285
- pypi: https://files.pythonhosted.org/packages/69/9a/9ea7e230feda9400fb0ae0d61d7d6ddda635e718d941c44eeab22a179d34/pyzmq-27.0.0-cp312-abi3-manylinux_2_27_x86_64.manylinux_2_28_x86_64.whl
  name: pyzmq
  version: 27.0.0
  sha256: 111db5f395e09f7e775f759d598f43cb815fc58e0147623c4816486e1a39dc22
  requires_dist:
  - cffi ; implementation_name == 'pypy'
  requires_python: '>=3.8'
- conda: https://conda.anaconda.org/conda-forge/linux-64/readline-8.2-h8c095d6_2.conda
  sha256: 2d6d0c026902561ed77cd646b5021aef2d4db22e57a5b0178dfc669231e06d2c
  md5: 283b96675859b20a825f8fa30f311446
  depends:
  - libgcc >=13
  - ncurses >=6.5,<7.0a0
  license: GPL-3.0-only
  license_family: GPL
  purls: []
  size: 282480
  timestamp: 1740379431762
- pypi: https://files.pythonhosted.org/packages/b7/ce/149a00dd41f10bc29e5921b496af8b574d8413afcd5e30dfa0ed46c2cc5e/six-1.17.0-py2.py3-none-any.whl
  name: six
  version: 1.17.0
  sha256: 4721f391ed90541fddacab5acf947aa0d3dc7d27b2e1e8eda2be8970586c3274
  requires_python: '>=2.7,!=3.0.*,!=3.1.*,!=3.2.*'
- pypi: https://files.pythonhosted.org/packages/f1/7b/ce1eafaf1a76852e2ec9b22edecf1daa58175c090266e9f6c64afcd81d91/stack_data-0.6.3-py3-none-any.whl
  name: stack-data
  version: 0.6.3
  sha256: d5558e0c25a4cb0853cddad3d77da9891a08cb85dd9f9f91b9f8cd66e511e695
  requires_dist:
  - executing>=1.2.0
  - asttokens>=2.1.0
  - pure-eval
  - pytest ; extra == 'tests'
  - typeguard ; extra == 'tests'
  - pygments ; extra == 'tests'
  - littleutils ; extra == 'tests'
  - cython ; extra == 'tests'
- conda: https://conda.anaconda.org/conda-forge/linux-64/tk-8.6.13-noxft_hd72426e_102.conda
  sha256: a84ff687119e6d8752346d1d408d5cf360dee0badd487a472aa8ddedfdc219e1
  md5: a0116df4f4ed05c303811a837d5b39d8
  depends:
  - __glibc >=2.17,<3.0.a0
  - libgcc >=13
  - libzlib >=1.3.1,<2.0a0
  license: TCL
  license_family: BSD
  purls: []
  size: 3285204
  timestamp: 1748387766691
- pypi: https://files.pythonhosted.org/packages/7d/f7/0c48ba992d875521ac761e6e04b0a1750f8150ae42ea26df1852d6a98942/tornado-6.5.1-cp39-abi3-manylinux_2_5_x86_64.manylinux1_x86_64.manylinux_2_17_x86_64.manylinux2014_x86_64.whl
  name: tornado
  version: 6.5.1
  sha256: 308473f4cc5a76227157cdf904de33ac268af770b2c5f05ca6c1161d82fdd95e
  requires_python: '>=3.9'
- pypi: https://files.pythonhosted.org/packages/00/c0/8f5d070730d7836adc9c9b6408dec68c6ced86b304a9b26a14df072a6e8c/traitlets-5.14.3-py3-none-any.whl
  name: traitlets
  version: 5.14.3
  sha256: b74e89e397b1ed28cc831db7aea759ba6640cb3de13090ca145426688ff1ac4f
  requires_dist:
  - myst-parser ; extra == 'docs'
  - pydata-sphinx-theme ; extra == 'docs'
  - sphinx ; extra == 'docs'
  - argcomplete>=3.0.3 ; extra == 'test'
  - mypy>=1.7.0 ; extra == 'test'
  - pre-commit ; extra == 'test'
  - pytest-mock ; extra == 'test'
  - pytest-mypy-testing ; extra == 'test'
  - pytest>=7.0,<8.2 ; extra == 'test'
  requires_python: '>=3.8'
- conda: https://conda.anaconda.org/conda-forge/noarch/tzdata-2025b-h78e105d_0.conda
  sha256: 5aaa366385d716557e365f0a4e9c3fca43ba196872abbbe3d56bb610d131e192
  md5: 4222072737ccff51314b5ece9c7d6f5a
  license: LicenseRef-Public-Domain
  purls: []
  size: 122968
  timestamp: 1742727099393
- pypi: https://files.pythonhosted.org/packages/fd/84/fd2ba7aafacbad3c4201d395674fc6348826569da3c0937e75505ead3528/wcwidth-0.2.13-py2.py3-none-any.whl
  name: wcwidth
  version: 0.2.13
  sha256: 3da69048e4540d84af32131829ff948f1e022c1c6bdb8d6102117aac784f6859
  requires_dist:
  - backports-functools-lru-cache>=1.2.1 ; python_full_version < '3.2'
